
Microsoft Visual Studio Solution File, Format Version 12.00
# Visual Studio Version 17
VisualStudioVersion = 17.9.34714.143
MinimumVisualStudioVersion = 10.0.40219.1
Project("{FAE04EC0-301F-11D3-BF4B-00C04F79EFBC}") = "WpfApp10", "WpfApp10.csproj", "{DC43FE16-F9D5-47DD-B9F5-6B6A63700133}"
EndProject
Global
	GlobalSection(SolutionConfigurationPlatforms) = preSolution
		Debug|Any CPU = Debug|Any CPU
		Release|Any CPU = Release|Any CPU
	EndGlobalSection
	GlobalSection(ProjectConfigurationPlatforms) = postSolution
		{DC43FE16-F9D5-47DD-B9F5-6B6A63700133}.Debug|Any CPU.ActiveCfg = Debug|Any CPU
		{DC43FE16-F9D5-47DD-B9F5-6B6A63700133}.Debug|Any CPU.Build.0 = Debug|Any CPU
		{DC43FE16-F9D5-47DD-B9F5-6B6A63700133}.Release|Any CPU.ActiveCfg = Release|Any CPU
		{DC43FE16-F9D5-47DD-B9F5-6B6A63700133}.Release|Any CPU.Build.0 = Release|Any CPU
	EndGlobalSection
	GlobalSection(SolutionProperties) = preSolution
		HideSolutionNode = FALSE
	EndGlobalSection
	GlobalSection(ExtensibilityGlobals) = postSolution
		SolutionGuid = {70D9E883-E06A-4A4B-96FF-EFEC235D81EA}
	EndGlobalSection
EndGlobal
